
Microsoft Visual Studio Solution File, Format Version 12.00
# Visual Studio Version 16
VisualStudioVersion = 16.0.31005.135
MinimumVisualStudioVersion = 10.0.40219.1
Project("{FAE04EC0-301F-11D3-BF4B-00C04F79EFBC}") = "HastaneProje", "HastaneProje\HastaneProje.csproj", "{BA9D7CA4-DD48-48BF-B568-B7AC55462B7D}"
EndProject
Global
	GlobalSection(SolutionConfigurationPlatforms) = preSolution
		Debug|Any CPU = Debug|Any CPU
		Release|Any CPU = Release|Any CPU
	EndGlobalSection
	GlobalSection(ProjectConfigurationPlatforms) = postSolution
		{BA9D7CA4-DD48-48BF-B568-B7AC55462B7D}.Debug|Any CPU.ActiveCfg = Debug|Any CPU
		{BA9D7CA4-DD48-48BF-B568-B7AC55462B7D}.Debug|Any CPU.Build.0 = Debug|Any CPU
		{BA9D7CA4-DD48-48BF-B568-B7AC55462B7D}.Release|Any CPU.ActiveCfg = Release|Any CPU
		{BA9D7CA4-DD48-48BF-B568-B7AC55462B7D}.Release|Any CPU.Build.0 = Release|Any CPU
	EndGlobalSection
	GlobalSection(SolutionProperties) = preSolution
		HideSolutionNode = FALSE
	EndGlobalSection
	GlobalSection(ExtensibilityGlobals) = postSolution
		SolutionGuid = {90F05E99-AE3E-4199-80B5-16DCBB01ADCB}
	EndGlobalSection
EndGlobal
